# This file is automatically @generated by Cargo.
# It is not intended for manual editing.
version = 3

[[package]]
name = "fenced-ring-buffer"
version = "0.1.0"
source = "git+https://github.com/auxoncorp/modality-probe.git?branch=master#f36b8d2307fd4c9c66d42035428f1504b2358898"

[[package]]
name = "fixed-slice-vec"
version = "0.8.0"
source = "registry+https://github.com/rust-lang/crates.io-index"
checksum = "fafbcddfce402d6170ee6e5037f032dd96233ce73c66f7d83a4150fb76814b44"

[[package]]
name = "heck"
version = "0.3.3"
source = "registry+https://github.com/rust-lang/crates.io-index"
checksum = "6d621efb26863f0e9924c6ac577e8275e5e6b77455db64ffa6c65c904e9e132c"
dependencies = [
 "unicode-segmentation",
]

[[package]]
name = "lazy_static"
version = "1.4.0"
source = "registry+https://github.com/rust-lang/crates.io-index"
checksum = "e2abad23fbc42b3700f2f279844dc832adb2b2eb069b2df918f455c4e18cc646"

[[package]]
name = "modality-probe"
version = "0.4.0"
source = "git+https://github.com/auxoncorp/modality-probe.git?branch=master#f36b8d2307fd4c9c66d42035428f1504b2358898"
dependencies = [
 "fenced-ring-buffer",
 "fixed-slice-vec",
 "static_assertions",
]

[[package]]
name = "modality-probe-capi-defs"
version = "0.1.0"

[[package]]
name = "modality-probe-mutation-interface-capi"
version = "0.1.0"
dependencies = [
 "pdqsort",
 "pruefung",
]

[[package]]
name = "modality-probe-sys"
version = "0.8.6"
dependencies = [
 "modality-probe",
 "modality-probe-capi-defs",
 "modality-probe-mutation-interface-capi",
]

[[package]]
name = "modality_probe_nif"
version = "0.1.0"
dependencies = [
 "modality-probe-sys",
 "rustler",
]

[[package]]
name = "pdqsort"
version = "1.0.3"
source = "registry+https://github.com/rust-lang/crates.io-index"
checksum = "92d11770083078fa188bb64ff3b1b5af04c374bf429be2c77480823c1fc5c5e5"

[[package]]
name = "proc-macro2"
version = "1.0.30"
source = "registry+https://github.com/rust-lang/crates.io-index"
checksum = "edc3358ebc67bc8b7fa0c007f945b0b18226f78437d61bec735a9eb96b61ee70"
dependencies = [
 "unicode-xid",
]

[[package]]
name = "pruefung"
version = "0.2.1"
source = "registry+https://github.com/rust-lang/crates.io-index"
checksum = "734d1fcf58d4e4aa4118926d4d44b1ea8921e4064c30a0415ae273552ebdd784"

[[package]]
name = "quote"
version = "1.0.10"
source = "registry+https://github.com/rust-lang/crates.io-index"
checksum = "38bc8cc6a5f2e3655e0899c1b848643b2562f853f114bfec7be120678e3ace05"
dependencies = [
 "proc-macro2",
]

[[package]]
name = "rustler"
version = "0.22.2"
source = "registry+https://github.com/rust-lang/crates.io-index"
checksum = "08281b5931d395414fe2e3e786d4b21dbcffc18d848d542d8a2da03026cb7cb8"
dependencies = [
 "lazy_static",
 "rustler_codegen",
 "rustler_sys",
]

[[package]]
name = "rustler_codegen"
version = "0.22.2"
source = "registry+https://github.com/rust-lang/crates.io-index"
checksum = "96f4adf61752ab8c56df102591ff97c93d4e5c7a9ff04b82cdfa85dfa072544c"
dependencies = [
 "heck",
 "proc-macro2",
 "quote",
 "syn",
]

[[package]]
name = "rustler_sys"
version = "2.1.1"
source = "registry+https://github.com/rust-lang/crates.io-index"
checksum = "1cb382fde4f421c51555919e9920b058c0286f6bf59e53d02eb4d281eae6758b"
dependencies = [
 "unreachable",
]

[[package]]
name = "static_assertions"
version = "1.1.0"
source = "registry+https://github.com/rust-lang/crates.io-index"
checksum = "a2eb9349b6444b326872e140eb1cf5e7c522154d69e7a0ffb0fb81c06b37543f"

[[package]]
name = "syn"
version = "1.0.80"
source = "registry+https://github.com/rust-lang/crates.io-index"
checksum = "d010a1623fbd906d51d650a9916aaefc05ffa0e4053ff7fe601167f3e715d194"
dependencies = [
 "proc-macro2",
 "quote",
 "unicode-xid",
]

[[package]]
name = "unicode-segmentation"
version = "1.8.0"
source = "registry+https://github.com/rust-lang/crates.io-index"
checksum = "8895849a949e7845e06bd6dc1aa51731a103c42707010a5b591c0038fb73385b"

[[package]]
name = "unicode-xid"
version = "0.2.2"
source = "registry+https://github.com/rust-lang/crates.io-index"
checksum = "8ccb82d61f80a663efe1f787a51b16b5a51e3314d6ac365b08639f52387b33f3"

[[package]]
name = "unreachable"
version = "1.0.0"
source = "registry+https://github.com/rust-lang/crates.io-index"
checksum = "382810877fe448991dfc7f0dd6e3ae5d58088fd0ea5e35189655f84e6814fa56"
dependencies = [
 "void",
]

[[package]]
name = "void"
version = "1.0.2"
source = "registry+https://github.com/rust-lang/crates.io-index"
checksum = "6a02e4885ed3bc0f2de90ea6dd45ebcbb66dacffe03547fadbb0eeae2770887d"
